PODS:
  - AFNetworking (3.1.0):
    - AFNetworking/NSURLSession (= 3.1.0)
    - AFNetworking/Reachability (= 3.1.0)
    - AFNetworking/Security (= 3.1.0)
    - AFNetworking/Serialization (= 3.1.0)
    - AFNetworking/UIKit (= 3.1.0)
  - AFNetworking/NSURLSession (3.1.0):
    - AFNetworking/Reachability
    - AFNetworking/Security
    - AFNetworking/Serialization
  - AFNetworking/Reachability (3.1.0)
  - AFNetworking/Security (3.1.0)
  - AFNetworking/Serialization (3.1.0)
  - AFNetworking/UIKit (3.1.0):
    - AFNetworking/NSURLSession
  - BitcoinKit (0.1.0):
    - AFNetworking

DEPENDENCIES:
  - BitcoinKit (from `../`)

EXTERNAL SOURCES:
  BitcoinKit:
    :path: ../

SPEC CHECKSUMS:
  AFNetworking: 5e0e199f73d8626b11e79750991f5d173d1f8b67
  BitcoinKit: 3603a85d9a7232f17886237ea082f866374bfb41

PODFILE CHECKSUM: a6bd00773dffc40ae3b20e597f65257701494e42

COCOAPODS: 1.4.0
